
Microsoft Visual Studio Solution File, Format Version 12.00
# Visual Studio Version 16
VisualStudioVersion = 16.0.34407.143
MinimumVisualStudioVersion = 10.0.40219.1
Project("{FAE04EC0-301F-11D3-BF4B-00C04F79EFBC}") = "BT LINQ 2", "BT LINQ 2\BT LINQ 2.csproj", "{22A8A987-4C97-4A51-9D99-36304CF5E667}"
EndProject
Global
	GlobalSection(SolutionConfigurationPlatforms) = preSolution
		Debug|Any CPU = Debug|Any CPU
		Release|Any CPU = Release|Any CPU
	EndGlobalSection
	GlobalSection(ProjectConfigurationPlatforms) = postSolution
		{22A8A987-4C97-4A51-9D99-36304CF5E667}.Debug|Any CPU.ActiveCfg = Debug|Any CPU
		{22A8A987-4C97-4A51-9D99-36304CF5E667}.Debug|Any CPU.Build.0 = Debug|Any CPU
		{22A8A987-4C97-4A51-9D99-36304CF5E667}.Release|Any CPU.ActiveCfg = Release|Any CPU
		{22A8A987-4C97-4A51-9D99-36304CF5E667}.Release|Any CPU.Build.0 = Release|Any CPU
	EndGlobalSection
	GlobalSection(SolutionProperties) = preSolution
		HideSolutionNode = FALSE
	EndGlobalSection
	GlobalSection(ExtensibilityGlobals) = postSolution
		SolutionGuid = {AD897B1D-CB3C-469B-948C-0E632D9CD6C4}
	EndGlobalSection
EndGlobal
